// !$*UTF8*$!
{
	archiveVersion = 1;
	classes = {
	};
	objectVersion = 46;
	objects = {

/* Begin PBXBuildFile section */
		5DDB1459B908F0A1E999747F /* Pods_ScannerList.framework in Frameworks */ = {isa = PBXBuildFile; fileRef = ED5A902A65D8D9FA214B9E77 /* Pods_ScannerList.framework */; };
		8F80A110C29D220389B4B0FC /* Pods_ScannerListUITests.framework in Frameworks */ = {isa = PBXBuildFile; fileRef = 9A08190C42636681DE257339 /* Pods_ScannerListUITests.framework */; };
		D2C270883E549CC0234F35A4 /* Pods_ScannerListTests.framework in Frameworks */ = {isa = PBXBuildFile; fileRef = 91C86D788F7676E7AE5828B6 /* Pods_ScannerListTests.framework */; };
		DC1AC98C1E90DED800CEF1A0 /* AppDelegate.swift in Sources */ = {isa = PBXBuildFile; fileRef = DC1AC98B1E90DED800CEF1A0 /* AppDelegate.swift */; };
		DC1AC9911E90DED800CEF1A0 /* Main.storyboard in Resources */ = {isa = PBXBuildFile; fileRef = DC1AC98F1E90DED800CEF1A0 /* Main.storyboard */; };
		DC1AC9931E90DED800CEF1A0 /* Assets.xcassets in Resources */ = {isa = PBXBuildFile; fileRef = DC1AC9921E90DED800CEF1A0 /* Assets.xcassets */; };
		DC1AC9961E90DED800CEF1A0 /* LaunchScreen.storyboard in Resources */ = {isa = PBXBuildFile; fileRef = DC1AC9941E90DED800CEF1A0 /* LaunchScreen.storyboard */; };
		DC1AC9A11E90DED900CEF1A0 /* ScannerListTests.swift in Sources */ = {isa = PBXBuildFile; fileRef = DC1AC9A01E90DED900CEF1A0 /* ScannerListTests.swift */; };
		DC1AC9AC1E90DED900CEF1A0 /* ScannerListUITests.swift in Sources */ = {isa = PBXBuildFile; fileRef = DC1AC9AB1E90DED900CEF1A0 /* ScannerListUITests.swift */; };
		DC1AC9BB1E90E4D300CEF1A0 /* ScannerListTVC.swift in Sources */ = {isa = PBXBuildFile; fileRef = DC1AC9BA1E90E4D200CEF1A0 /* ScannerListTVC.swift */; };
		DC1AC9BC1E90E4D300CEF1A0 /* ScannerListTVC.swift in Sources */ = {isa = PBXBuildFile; fileRef = DC1AC9BA1E90E4D200CEF1A0 /* ScannerListTVC.swift */; };
		DC1AC9BD1E90E4D300CEF1A0 /* ScannerListTVC.swift in Sources */ = {isa = PBXBuildFile; fileRef = DC1AC9BA1E90E4D200CEF1A0 /* ScannerListTVC.swift */; };
		DC1AC9BF1E90E51600CEF1A0 /* TotalsCell.swift in Sources */ = {isa = PBXBuildFile; fileRef = DC1AC9BE1E90E51600CEF1A0 /* TotalsCell.swift */; };
		DC1AC9C01E90E51600CEF1A0 /* TotalsCell.swift in Sources */ = {isa = PBXBuildFile; fileRef = DC1AC9BE1E90E51600CEF1A0 /* TotalsCell.swift */; };
		DC1AC9C11E90E51600CEF1A0 /* TotalsCell.swift in Sources */ = {isa = PBXBuildFile; fileRef = DC1AC9BE1E90E51600CEF1A0 /* TotalsCell.swift */; };
		DC1AC9C31E90E52B00CEF1A0 /* EntryCell.swift in Sources */ = {isa = PBXBuildFile; fileRef = DC1AC9C21E90E52B00CEF1A0 /* EntryCell.swift */; };
		DC1AC9C41E90E52B00CEF1A0 /* EntryCell.swift in Sources */ = {isa = PBXBuildFile; fileRef = DC1AC9C21E90E52B00CEF1A0 /* EntryCell.swift */; };
		DC1AC9C51E90E52B00CEF1A0 /* EntryCell.swift in Sources */ = {isa = PBXBuildFile; fileRef = DC1AC9C21E90E52B00CEF1A0 /* EntryCell.swift */; };
		DC31733B1E91D3B100AE4921 /* PriceInputView.swift in Sources */ = {isa = PBXBuildFile; fileRef = DC31733A1E91D3B100AE4921 /* PriceInputView.swift */; };
		DC31733C1E91D3B100AE4921 /* PriceInputView.swift in Sources */ = {isa = PBXBuildFile; fileRef = DC31733A1E91D3B100AE4921 /* PriceInputView.swift */; };
		DC31733D1E91D3B100AE4921 /* PriceInputView.swift in Sources */ = {isa = PBXBuildFile; fileRef = DC31733A1E91D3B100AE4921 /* PriceInputView.swift */; };
		DC31733F1E91D60700AE4921 /* BarcodeScanner.swift in Sources */ = {isa = PBXBuildFile; fileRef = DC31733E1E91D60700AE4921 /* BarcodeScanner.swift */; };
		DC3173401E91D60700AE4921 /* BarcodeScanner.swift in Sources */ = {isa = PBXBuildFile; fileRef = DC31733E1E91D60700AE4921 /* BarcodeScanner.swift */; };
		DC3173411E91D60700AE4921 /* BarcodeScanner.swift in Sources */ = {isa = PBXBuildFile; fileRef = DC31733E1E91D60700AE4921 /* BarcodeScanner.swift */; };
		DC81F7FD1EBE6F8B00253D2A /* AlertMessage.swift in Sources */ = {isa = PBXBuildFile; fileRef = DC81F7CF1EBE6F8B00253D2A /* AlertMessage.swift */; };
		DC81F7FE1EBE6F8B00253D2A /* AlertMessage.swift in Sources */ = {isa = PBXBuildFile; fileRef = DC81F7CF1EBE6F8B00253D2A /* AlertMessage.swift */; };
		DC81F8031EBE6F8B00253D2A /* AuthenticationError.swift in Sources */ = {isa = PBXBuildFile; fileRef = DC81F7D21EBE6F8B00253D2A /* AuthenticationError.swift */; };
		DC81F8041EBE6F8B00253D2A /* AuthenticationError.swift in Sources */ = {isa = PBXBuildFile; fileRef = DC81F7D21EBE6F8B00253D2A /* AuthenticationError.swift */; };
		DC81F8091EBE6F8B00253D2A /* BatchError.swift in Sources */ = {isa = PBXBuildFile; fileRef = DC81F7D71EBE6F8B00253D2A /* BatchError.swift */; };
		DC81F80A1EBE6F8B00253D2A /* BatchError.swift in Sources */ = {isa = PBXBuildFile; fileRef = DC81F7D71EBE6F8B00253D2A /* BatchError.swift */; };
		DC81F80B1EBE6F8B00253D2A /* BatchFailed.swift in Sources */ = {isa = PBXBuildFile; fileRef = DC81F7D81EBE6F8B00253D2A /* BatchFailed.swift */; };
		DC81F80C1EBE6F8B00253D2A /* BatchFailed.swift in Sources */ = {isa = PBXBuildFile; fileRef = DC81F7D81EBE6F8B00253D2A /* BatchFailed.swift */; };
		DC81F80F1EBE6F8C00253D2A /* CKErrorHandler.swift in Sources */ = {isa = PBXBuildFile; fileRef = DC81F7DA1EBE6F8B00253D2A /* CKErrorHandler.swift */; };
		DC81F8101EBE6F8C00253D2A /* CKErrorHandler.swift in Sources */ = {isa = PBXBuildFile; fileRef = DC81F7DA1EBE6F8B00253D2A /* CKErrorHandler.swift */; };
		DC81F8111EBE6F8C00253D2A /* CloudDisabler.swift in Sources */ = {isa = PBXBuildFile; fileRef = DC81F7DB1EBE6F8B00253D2A /* CloudDisabler.swift */; };
		DC81F8121EBE6F8C00253D2A /* CloudDisabler.swift in Sources */ = {isa = PBXBuildFile; fileRef = DC81F7DB1EBE6F8B00253D2A /* CloudDisabler.swift */; };
		DC81F8131EBE6F8C00253D2A /* CloudQueue.swift in Sources */ = {isa = PBXBuildFile; fileRef = DC81F7DC1EBE6F8B00253D2A /* CloudQueue.swift */; };
		DC81F8141EBE6F8C00253D2A /* CloudQueue.swift in Sources */ = {isa = PBXBuildFile; fileRef = DC81F7DC1EBE6F8B00253D2A /* CloudQueue.swift */; };
		DC81F81F1EBE6F8C00253D2A /* DeleteRecordable.swift in Sources */ = {isa = PBXBuildFile; fileRef = DC81F7E21EBE6F8B00253D2A /* DeleteRecordable.swift */; };
		DC81F8201EBE6F8C00253D2A /* DeleteRecordable.swift in Sources */ = {isa = PBXBuildFile; fileRef = DC81F7E21EBE6F8B00253D2A /* DeleteRecordable.swift */; };
		DC81F8211EBE6F8C00253D2A /* DisableCloud.swift in Sources */ = {isa = PBXBuildFile; fileRef = DC81F7E31EBE6F8B00253D2A /* DisableCloud.swift */; };
		DC81F8221EBE6F8C00253D2A /* DisableCloud.swift in Sources */ = {isa = PBXBuildFile; fileRef = DC81F7E31EBE6F8B00253D2A /* DisableCloud.swift */; };
		DC81F8291EBE6F8C00253D2A /* ErrorQueue.swift in Sources */ = {isa = PBXBuildFile; fileRef = DC81F7E71EBE6F8B00253D2A /* ErrorQueue.swift */; };
		DC81F82A1EBE6F8C00253D2A /* ErrorQueue.swift in Sources */ = {isa = PBXBuildFile; fileRef = DC81F7E71EBE6F8B00253D2A /* ErrorQueue.swift */; };
		DC81F82D1EBE6F8C00253D2A /* FatalError.swift in Sources */ = {isa = PBXBuildFile; fileRef = DC81F7E91EBE6F8B00253D2A /* FatalError.swift */; };
		DC81F82E1EBE6F8C00253D2A /* FatalError.swift in Sources */ = {isa = PBXBuildFile; fileRef = DC81F7E91EBE6F8B00253D2A /* FatalError.swift */; };
		DC81F8351EBE6F8C00253D2A /* GetCreator.swift in Sources */ = {isa = PBXBuildFile; fileRef = DC81F7ED1EBE6F8B00253D2A /* GetCreator.swift */; };
		DC81F8361EBE6F8C00253D2A /* GetCreator.swift in Sources */ = {isa = PBXBuildFile; fileRef = DC81F7ED1EBE6F8B00253D2A /* GetCreator.swift */; };
		DC81F8391EBE6F8C00253D2A /* LimitExceeded.swift in Sources */ = {isa = PBXBuildFile; fileRef = DC81F7EF1EBE6F8B00253D2A /* LimitExceeded.swift */; };
		DC81F83A1EBE6F8C00253D2A /* LimitExceeded.swift in Sources */ = {isa = PBXBuildFile; fileRef = DC81F7EF1EBE6F8B00253D2A /* LimitExceeded.swift */; };
		DC81F83F1EBE6F8C00253D2A /* PartialError.swift in Sources */ = {isa = PBXBuildFile; fileRef = DC81F7F21EBE6F8B00253D2A /* PartialError.swift */; };
		DC81F8401EBE6F8C00253D2A /* PartialError.swift in Sources */ = {isa = PBXBuildFile; fileRef = DC81F7F21EBE6F8B00253D2A /* PartialError.swift */; };
		DC81F8411EBE6F8C00253D2A /* Pause.swift in Sources */ = {isa = PBXBuildFile; fileRef = DC81F7F31EBE6F8B00253D2A /* Pause.swift */; };
		DC81F8421EBE6F8C00253D2A /* Pause.swift in Sources */ = {isa = PBXBuildFile; fileRef = DC81F7F31EBE6F8B00253D2A /* Pause.swift */; };
		DC81F8451EBE6F8C00253D2A /* Recordable.swift in Sources */ = {isa = PBXBuildFile; fileRef = DC81F7F51EBE6F8B00253D2A /* Recordable.swift */; };
		DC81F8461EBE6F8C00253D2A /* Recordable.swift in Sources */ = {isa = PBXBuildFile; fileRef = DC81F7F51EBE6F8B00253D2A /* Recordable.swift */; };
		DC81F8471EBE6F8C00253D2A /* RetriableError.swift in Sources */ = {isa = PBXBuildFile; fileRef = DC81F7F61EBE6F8B00253D2A /* RetriableError.swift */; };
		DC81F8481EBE6F8C00253D2A /* RetriableError.swift in Sources */ = {isa = PBXBuildFile; fileRef = DC81F7F61EBE6F8B00253D2A /* RetriableError.swift */; };
		DC81F84D1EBE6F8C00253D2A /* TestQueue.swift in Sources */ = {isa = PBXBuildFile; fileRef = DC81F7F91EBE6F8B00253D2A /* TestQueue.swift */; };
		DC81F84E1EBE6F8C00253D2A /* TestQueue.swift in Sources */ = {isa = PBXBuildFile; fileRef = DC81F7F91EBE6F8B00253D2A /* TestQueue.swift */; };
		DC81F8511EBE6F8C00253D2A /* VersionConflict.swift in Sources */ = {isa = PBXBuildFile; fileRef = DC81F7FB1EBE6F8B00253D2A /* VersionConflict.swift */; };
		DC81F8521EBE6F8C00253D2A /* VersionConflict.swift in Sources */ = {isa = PBXBuildFile; fileRef = DC81F7FB1EBE6F8B00253D2A /* VersionConflict.swift */; };
		DC81F85A1EBE816300253D2A /* RecordableEntry.swift in Sources */ = {isa = PBXBuildFile; fileRef = DC81F8591EBE816300253D2A /* RecordableEntry.swift */; };
		DC81F85B1EBE816300253D2A /* RecordableEntry.swift in Sources */ = {isa = PBXBuildFile; fileRef = DC81F8591EBE816300253D2A /* RecordableEntry.swift */; };
		DC81F85D1EBE85B900253D2A /* DownloadRecordables.swift in Sources */ = {isa = PBXBuildFile; fileRef = DC81F85C1EBE85B900253D2A /* DownloadRecordables.swift */; };
		DC81F85E1EBE85B900253D2A /* DownloadRecordables.swift in Sources */ = {isa = PBXBuildFile; fileRef = DC81F85C1EBE85B900253D2A /* DownloadRecordables.swift */; };
		DC81F8631EBE99EB00253D2A /* UploadRecordables.swift in Sources */ = {isa = PBXBuildFile; fileRef = DC81F8621EBE99EB00253D2A /* UploadRecordables.swift */; };
		DC81F8641EBE99EB00253D2A /* UploadRecordables.swift in Sources */ = {isa = PBXBuildFile; fileRef = DC81F8621EBE99EB00253D2A /* UploadRecordables.swift */; };
		DCE3C4891E97476B00E37898 /* CloudKit.framework in Frameworks */ = {isa = PBXBuildFile; fileRef = DCE3C4881E97476B00E37898 /* CloudKit.framework */; };
		DCF0362D1E9C70A400BA06A0 /* PreScanner.swift in Sources */ = {isa = PBXBuildFile; fileRef = DCF0362C1E9C70A400BA06A0 /* PreScanner.swift */; };
		DCF0362E1E9C70A400BA06A0 /* PreScanner.swift in Sources */ = {isa = PBXBuildFile; fileRef = DCF0362C1E9C70A400BA06A0 /* PreScanner.swift */; };
		DCF0362F1E9C70A400BA06A0 /* PreScanner.swift in Sources */ = {isa = PBXBuildFile; fileRef = DCF0362C1E9C70A400BA06A0 /* PreScanner.swift */; };
		DCF036311E9CBF8E00BA06A0 /* DataService.swift in Sources */ = {isa = PBXBuildFile; fileRef = DCF036301E9CBF8E00BA06A0 /* DataService.swift */; };
		DCF036321E9CBF8E00BA06A0 /* DataService.swift in Sources */ = {isa = PBXBuildFile; fileRef = DCF036301E9CBF8E00BA06A0 /* DataService.swift */; };
		DCF036331E9CBF8E00BA06A0 /* DataService.swift in Sources */ = {isa = PBXBuildFile; fileRef = DCF036301E9CBF8E00BA06A0 /* DataService.swift */; };
		DCFB796B1E923A95007C141E /* ListHistoryTVC.swift in Sources */ = {isa = PBXBuildFile; fileRef = DCFB796A1E923A95007C141E /* ListHistoryTVC.swift */; };
		DCFB796C1E923A95007C141E /* ListHistoryTVC.swift in Sources */ = {isa = PBXBuildFile; fileRef = DCFB796A1E923A95007C141E /* ListHistoryTVC.swift */; };
		DCFB796D1E923A95007C141E /* ListHistoryTVC.swift in Sources */ = {isa = PBXBuildFile; fileRef = DCFB796A1E923A95007C141E /* ListHistoryTVC.swift */; };
/* End PBXBuildFile section */

/* Begin PBXContainerItemProxy section */
		DC1AC99D1E90DED900CEF1A0 /* PBXContainerItemProxy */ = {
			isa = PBXContainerItemProxy;
			containerPortal = DC1AC9801E90DED800CEF1A0 /* Project object */;
			proxyType = 1;
			remoteGlobalIDString = DC1AC9871E90DED800CEF1A0;
			remoteInfo = ScannerList;
		};
		DC1AC9A81E90DED900CEF1A0 /* PBXContainerItemProxy */ = {
			isa = PBXContainerItemProxy;
			containerPortal = DC1AC9801E90DED800CEF1A0 /* Project object */;
			proxyType = 1;
			remoteGlobalIDString = DC1AC9871E90DED800CEF1A0;
			remoteInfo = ScannerList;
		};
/* End PBXContainerItemProxy section */

/* Begin PBXFileReference section */
		0A88B79C2D36252ADD676780 /* Pods-ScannerListTests.release.xcconfig */ = {isa = PBXFileReference; includeInIndex = 1; lastKnownFileType = text.xcconfig; name = "Pods-ScannerListTests.release.xcconfig"; path = "Pods/Target Support Files/Pods-ScannerListTests/Pods-ScannerListTests.release.xcconfig"; sourceTree = "<group>"; };
		5BB7E2F36DDF00084771A810 /* Pods-ScannerListUITests.release.xcconfig */ = {isa = PBXFileReference; includeInIndex = 1; lastKnownFileType = text.xcconfig; name = "Pods-ScannerListUITests.release.xcconfig"; path = "Pods/Target Support Files/Pods-ScannerListUITests/Pods-ScannerListUITests.release.xcconfig"; sourceTree = "<group>"; };
		5BC4C2BA06E95052E7A68011 /* Pods-ScannerList.debug.xcconfig */ = {isa = PBXFileReference; includeInIndex = 1; lastKnownFileType = text.xcconfig; name = "Pods-ScannerList.debug.xcconfig"; path = "Pods/Target Support Files/Pods-ScannerList/Pods-ScannerList.debug.xcconfig"; sourceTree = "<group>"; };
		91C86D788F7676E7AE5828B6 /* Pods_ScannerListTests.framework */ = {isa = PBXFileReference; explicitFileType = wrapper.framework; includeInIndex = 0; path = Pods_ScannerListTests.framework; sourceTree = BUILT_PRODUCTS_DIR; };
		9A08190C42636681DE257339 /* Pods_ScannerListUITests.framework */ = {isa = PBXFileReference; explicitFileType = wrapper.framework; includeInIndex = 0; path = Pods_ScannerListUITests.framework; sourceTree = BUILT_PRODUCTS_DIR; };
		C5C0642D06B7AA80D990AFDD /* Pods-ScannerList.release.xcconfig */ = {isa = PBXFileReference; includeInIndex = 1; lastKnownFileType = text.xcconfig; name = "Pods-ScannerList.release.xcconfig"; path = "Pods/Target Support Files/Pods-ScannerList/Pods-ScannerList.release.xcconfig"; sourceTree = "<group>"; };
		D53633E0C0DCB06B3607B0BF /* Pods-ScannerListTests.debug.xcconfig */ = {isa = PBXFileReference; includeInIndex = 1; lastKnownFileType = text.xcconfig; name = "Pods-ScannerListTests.debug.xcconfig"; path = "Pods/Target Support Files/Pods-ScannerListTests/Pods-ScannerListTests.debug.xcconfig"; sourceTree = "<group>"; };
		DC1AC9881E90DED800CEF1A0 /* ScannerList.app */ = {isa = PBXFileReference; explicitFileType = wrapper.application; includeInIndex = 0; path = ScannerList.app; sourceTree = BUILT_PRODUCTS_DIR; };
		DC1AC98B1E90DED800CEF1A0 /* AppDelegate.swift */ = {isa = PBXFileReference; lastKnownFileType = sourcecode.swift; path = AppDelegate.swift; sourceTree = "<group>"; };
		DC1AC9901E90DED800CEF1A0 /* Base */ = {isa = PBXFileReference; lastKnownFileType = file.storyboard; name = Base; path = Base.lproj/Main.storyboard; sourceTree = "<group>"; };
		DC1AC9921E90DED800CEF1A0 /* Assets.xcassets */ = {isa = PBXFileReference; lastKnownFileType = folder.assetcatalog; path = Assets.xcassets; sourceTree = "<group>"; };
		DC1AC9951E90DED800CEF1A0 /* Base */ = {isa = PBXFileReference; lastKnownFileType = file.storyboard; name = Base; path = Base.lproj/LaunchScreen.storyboard; sourceTree = "<group>"; };
		DC1AC9971E90DED800CEF1A0 /* Info.plist */ = {isa = PBXFileReference; lastKnownFileType = text.plist.xml; path = Info.plist; sourceTree = "<group>"; };
		DC1AC99C1E90DED900CEF1A0 /* ScannerListTests.xctest */ = {isa = PBXFileReference; explicitFileType = wrapper.cfbundle; includeInIndex = 0; path = ScannerListTests.xctest; sourceTree = BUILT_PRODUCTS_DIR; };
		DC1AC9A01E90DED900CEF1A0 /* ScannerListTests.swift */ = {isa = PBXFileReference; lastKnownFileType = sourcecode.swift; path = ScannerListTests.swift; sourceTree = "<group>"; };
		DC1AC9A21E90DED900CEF1A0 /* Info.plist */ = {isa = PBXFileReference; lastKnownFileType = text.plist.xml; path = Info.plist; sourceTree = "<group>"; };
		DC1AC9A71E90DED900CEF1A0 /* ScannerListUITests.xctest */ = {isa = PBXFileReference; explicitFileType = wrapper.cfbundle; includeInIndex = 0; path = ScannerListUITests.xctest; sourceTree = BUILT_PRODUCTS_DIR; };
		DC1AC9AB1E90DED900CEF1A0 /* ScannerListUITests.swift */ = {isa = PBXFileReference; lastKnownFileType = sourcecode.swift; path = ScannerListUITests.swift; sourceTree = "<group>"; };
		DC1AC9AD1E90DED900CEF1A0 /* Info.plist */ = {isa = PBXFileReference; lastKnownFileType = text.plist.xml; path = Info.plist; sourceTree = "<group>"; };
		DC1AC9BA1E90E4D200CEF1A0 /* ScannerListTVC.swift */ = {isa = PBXFileReference; fileEncoding = 4; lastKnownFileType = sourcecode.swift; path = ScannerListTVC.swift; sourceTree = "<group>"; };
		DC1AC9BE1E90E51600CEF1A0 /* TotalsCell.swift */ = {isa = PBXFileReference; fileEncoding = 4; lastKnownFileType = sourcecode.swift; path = TotalsCell.swift; sourceTree = "<group>"; };
		DC1AC9C21E90E52B00CEF1A0 /* EntryCell.swift */ = {isa = PBXFileReference; fileEncoding = 4; lastKnownFileType = sourcecode.swift; path = EntryCell.swift; sourceTree = "<group>"; };
		DC31733A1E91D3B100AE4921 /* PriceInputView.swift */ = {isa = PBXFileReference; fileEncoding = 4; lastKnownFileType = sourcecode.swift; path = PriceInputView.swift; sourceTree = "<group>"; };
		DC31733E1E91D60700AE4921 /* BarcodeScanner.swift */ = {isa = PBXFileReference; fileEncoding = 4; lastKnownFileType = sourcecode.swift; path = BarcodeScanner.swift; sourceTree = "<group>"; };
		DC81F7CF1EBE6F8B00253D2A /* AlertMessage.swift */ = {isa = PBXFileReference; fileEncoding = 4; lastKnownFileType = sourcecode.swift; path = AlertMessage.swift; sourceTree = "<group>"; };
		DC81F7D21EBE6F8B00253D2A /* AuthenticationError.swift */ = {isa = PBXFileReference; fileEncoding = 4; lastKnownFileType = sourcecode.swift; path = AuthenticationError.swift; sourceTree = "<group>"; };
		DC81F7D71EBE6F8B00253D2A /* BatchError.swift */ = {isa = PBXFileReference; fileEncoding = 4; lastKnownFileType = sourcecode.swift; path = BatchError.swift; sourceTree = "<group>"; };
		DC81F7D81EBE6F8B00253D2A /* BatchFailed.swift */ = {isa = PBXFileReference; fileEncoding = 4; lastKnownFileType = sourcecode.swift; path = BatchFailed.swift; sourceTree = "<group>"; };
		DC81F7DA1EBE6F8B00253D2A /* CKErrorHandler.swift */ = {isa = PBXFileReference; fileEncoding = 4; lastKnownFileType = sourcecode.swift; path = CKErrorHandler.swift; sourceTree = "<group>"; };
		DC81F7DB1EBE6F8B00253D2A /* CloudDisabler.swift */ = {isa = PBXFileReference; fileEncoding = 4; lastKnownFileType = sourcecode.swift; path = CloudDisabler.swift; sourceTree = "<group>"; };
		DC81F7DC1EBE6F8B00253D2A /* CloudQueue.swift */ = {isa = PBXFileReference; fileEncoding = 4; lastKnownFileType = sourcecode.swift; path = CloudQueue.swift; sourceTree = "<group>"; };
		DC81F7E21EBE6F8B00253D2A /* DeleteRecordable.swift */ = {isa = PBXFileReference; fileEncoding = 4; lastKnownFileType = sourcecode.swift; path = DeleteRecordable.swift; sourceTree = "<group>"; };
		DC81F7E31EBE6F8B00253D2A /* DisableCloud.swift */ = {isa = PBXFileReference; fileEncoding = 4; lastKnownFileType = sourcecode.swift; path = DisableCloud.swift; sourceTree = "<group>"; };
		DC81F7E71EBE6F8B00253D2A /* ErrorQueue.swift */ = {isa = PBXFileReference; fileEncoding = 4; lastKnownFileType = sourcecode.swift; path = ErrorQueue.swift; sourceTree = "<group>"; };
		DC81F7E91EBE6F8B00253D2A /* FatalError.swift */ = {isa = PBXFileReference; fileEncoding = 4; lastKnownFileType = sourcecode.swift; path = FatalError.swift; sourceTree = "<group>"; };
		DC81F7ED1EBE6F8B00253D2A /* GetCreator.swift */ = {isa = PBXFileReference; fileEncoding = 4; lastKnownFileType = sourcecode.swift; path = GetCreator.swift; sourceTree = "<group>"; };
		DC81F7EF1EBE6F8B00253D2A /* LimitExceeded.swift */ = {isa = PBXFileReference; fileEncoding = 4; lastKnownFileType = sourcecode.swift; path = LimitExceeded.swift; sourceTree = "<group>"; };
		DC81F7F21EBE6F8B00253D2A /* PartialError.swift */ = {isa = PBXFileReference; fileEncoding = 4; lastKnownFileType = sourcecode.swift; path = PartialError.swift; sourceTree = "<group>"; };
		DC81F7F31EBE6F8B00253D2A /* Pause.swift */ = {isa = PBXFileReference; fileEncoding = 4; lastKnownFileType = sourcecode.swift; path = Pause.swift; sourceTree = "<group>"; };
		DC81F7F51EBE6F8B00253D2A /* Recordable.swift */ = {isa = PBXFileReference; fileEncoding = 4; lastKnownFileType = sourcecode.swift; path = Recordable.swift; sourceTree = "<group>"; };
		DC81F7F61EBE6F8B00253D2A /* RetriableError.swift */ = {isa = PBXFileReference; fileEncoding = 4; lastKnownFileType = sourcecode.swift; path = RetriableError.swift; sourceTree = "<group>"; };
		DC81F7F91EBE6F8B00253D2A /* TestQueue.swift */ = {isa = PBXFileReference; fileEncoding = 4; lastKnownFileType = sourcecode.swift; path = TestQueue.swift; sourceTree = "<group>"; };
		DC81F7FB1EBE6F8B00253D2A /* VersionConflict.swift */ = {isa = PBXFileReference; fileEncoding = 4; lastKnownFileType = sourcecode.swift; path = VersionConflict.swift; sourceTree = "<group>"; };
		DC81F8591EBE816300253D2A /* RecordableEntry.swift */ = {isa = PBXFileReference; fileEncoding = 4; lastKnownFileType = sourcecode.swift; name = RecordableEntry.swift; path = ../../Documents/Projects/Dev/Swift/ScannerList/ScannerList/RecordableEntry.swift; sourceTree = "<group>"; };
		DC81F85C1EBE85B900253D2A /* DownloadRecordables.swift */ = {isa = PBXFileReference; fileEncoding = 4; lastKnownFileType = sourcecode.swift; path = DownloadRecordables.swift; sourceTree = "<group>"; };
		DC81F8621EBE99EB00253D2A /* UploadRecordables.swift */ = {isa = PBXFileReference; fileEncoding = 4; lastKnownFileType = sourcecode.swift; name = UploadRecordables.swift; path = ScannerList/UploadRecordables.swift; sourceTree = SOURCE_ROOT; };
		DCE3C4861E97475600E37898 /* ScannerList.entitlements */ = {isa = PBXFileReference; lastKnownFileType = text.plist.entitlements; path = ScannerList.entitlements; sourceTree = "<group>"; };
		DCE3C4881E97476B00E37898 /* CloudKit.framework */ = {isa = PBXFileReference; lastKnownFileType = wrapper.framework; name = CloudKit.framework; path = System/Library/Frameworks/CloudKit.framework; sourceTree = SDKROOT; };
		DCF0362C1E9C70A400BA06A0 /* PreScanner.swift */ = {isa = PBXFileReference; fileEncoding = 4; lastKnownFileType = sourcecode.swift; path = PreScanner.swift; sourceTree = "<group>"; };
		DCF036301E9CBF8E00BA06A0 /* DataService.swift */ = {isa = PBXFileReference; fileEncoding = 4; lastKnownFileType = sourcecode.swift; path = DataService.swift; sourceTree = "<group>"; };
		DCFB796A1E923A95007C141E /* ListHistoryTVC.swift */ = {isa = PBXFileReference; fileEncoding = 4; lastKnownFileType = sourcecode.swift; path = ListHistoryTVC.swift; sourceTree = "<group>"; };
		DFAC4C108450A2CAAE97CAC0 /* Pods-ScannerListUITests.debug.xcconfig */ = {isa = PBXFileReference; includeInIndex = 1; lastKnownFileType = text.xcconfig; name = "Pods-ScannerListUITests.debug.xcconfig"; path = "Pods/Target Support Files/Pods-ScannerListUITests/Pods-ScannerListUITests.debug.xcconfig"; sourceTree = "<group>"; };
		ED5A902A65D8D9FA214B9E77 /* Pods_ScannerList.framework */ = {isa = PBXFileReference; explicitFileType = wrapper.framework; includeInIndex = 0; path = Pods_ScannerList.framework; sourceTree = BUILT_PRODUCTS_DIR; };
/* End PBXFileReference section */

/* Begin PBXFrameworksBuildPhase section */
		DC1AC9851E90DED800CEF1A0 /* Frameworks */ = {
			isa = PBXFrameworksBuildPhase;
			buildActionMask = 2147483647;
			files = (
				DCE3C4891E97476B00E37898 /* CloudKit.framework in Frameworks */,
				5DDB1459B908F0A1E999747F /* Pods_ScannerList.framework in Frameworks */,
			);
			runOnlyForDeploymentPostprocessing = 0;
		};
		DC1AC9991E90DED900CEF1A0 /* Frameworks */ = {
			isa = PBXFrameworksBuildPhase;
			buildActionMask = 2147483647;
			files = (
				D2C270883E549CC0234F35A4 /* Pods_ScannerListTests.framework in Frameworks */,
			);
			runOnlyForDeploymentPostprocessing = 0;
		};
		DC1AC9A41E90DED900CEF1A0 /* Frameworks */ = {
			isa = PBXFrameworksBuildPhase;
			buildActionMask = 2147483647;
			files = (
				8F80A110C29D220389B4B0FC /* Pods_ScannerListUITests.framework in Frameworks */,
			);
			runOnlyForDeploymentPostprocessing = 0;
		};
/* End PBXFrameworksBuildPhase section */

/* Begin PBXGroup section */
		432E5EEEB70AF32B70D6E9B0 /* Pods */ = {
			isa = PBXGroup;
			children = (
				5BC4C2BA06E95052E7A68011 /* Pods-ScannerList.debug.xcconfig */,
				C5C0642D06B7AA80D990AFDD /* Pods-ScannerList.release.xcconfig */,
				D53633E0C0DCB06B3607B0BF /* Pods-ScannerListTests.debug.xcconfig */,
				0A88B79C2D36252ADD676780 /* Pods-ScannerListTests.release.xcconfig */,
				DFAC4C108450A2CAAE97CAC0 /* Pods-ScannerListUITests.debug.xcconfig */,
				5BB7E2F36DDF00084771A810 /* Pods-ScannerListUITests.release.xcconfig */,
			);
			name = Pods;
			sourceTree = "<group>";
		};
		DC1AC97F1E90DED800CEF1A0 = {
			isa = PBXGroup;
			children = (
				DC1AC98A1E90DED800CEF1A0 /* ScannerList */,
				DC1AC99F1E90DED900CEF1A0 /* ScannerListTests */,
				DC1AC9AA1E90DED900CEF1A0 /* ScannerListUITests */,
				DC1AC9891E90DED800CEF1A0 /* Products */,
				DCE3C4871E97476B00E37898 /* Frameworks */,
				432E5EEEB70AF32B70D6E9B0 /* Pods */,
			);
			sourceTree = "<group>";
		};
		DC1AC9891E90DED800CEF1A0 /* Products */ = {
			isa = PBXGroup;
			children = (
				DC1AC9881E90DED800CEF1A0 /* ScannerList.app */,
				DC1AC99C1E90DED900CEF1A0 /* ScannerListTests.xctest */,
				DC1AC9A71E90DED900CEF1A0 /* ScannerListUITests.xctest */,
			);
			name = Products;
			sourceTree = "<group>";
		};
		DC1AC98A1E90DED800CEF1A0 /* ScannerList */ = {
			isa = PBXGroup;
			children = (
				DCE3C4861E97475600E37898 /* ScannerList.entitlements */,
				DC1AC9B91E90E48B00CEF1A0 /* Assets */,
				DC81F8581EBE778800253D2A /* User Interface */,
				DC81F7CE1EBE6F8B00253D2A /* CloudKit */,
				DC81F8651EBE9B4300253D2A /* Deprecated */,
			);
			path = ScannerList;
			sourceTree = "<group>";
		};
		DC1AC99F1E90DED900CEF1A0 /* ScannerListTests */ = {
			isa = PBXGroup;
			children = (
				DC1AC9A01E90DED900CEF1A0 /* ScannerListTests.swift */,
				DC1AC9A21E90DED900CEF1A0 /* Info.plist */,
			);
			path = ScannerListTests;
			sourceTree = "<group>";
		};
		DC1AC9AA1E90DED900CEF1A0 /* ScannerListUITests */ = {
			isa = PBXGroup;
			children = (
				DC1AC9AB1E90DED900CEF1A0 /* ScannerListUITests.swift */,
				DC1AC9AD1E90DED900CEF1A0 /* Info.plist */,
			);
			path = ScannerListUITests;
			sourceTree = "<group>";
		};
		DC1AC9B91E90E48B00CEF1A0 /* Assets */ = {
			isa = PBXGroup;
			children = (
				DC1AC98B1E90DED800CEF1A0 /* AppDelegate.swift */,
				DC1AC9921E90DED800CEF1A0 /* Assets.xcassets */,
				DC1AC9941E90DED800CEF1A0 /* LaunchScreen.storyboard */,
				DC1AC9971E90DED800CEF1A0 /* Info.plist */,
			);
			name = Assets;
			sourceTree = "<group>";
		};
		DC3173391E91C7FF00AE4921 /* ScannerList */ = {
			isa = PBXGroup;
			children = (
				DC1AC9BA1E90E4D200CEF1A0 /* ScannerListTVC.swift */,
				DC1AC9BE1E90E51600CEF1A0 /* TotalsCell.swift */,
				DC1AC9C21E90E52B00CEF1A0 /* EntryCell.swift */,
			);
			name = ScannerList;
			sourceTree = "<group>";
		};
		DC81F7CE1EBE6F8B00253D2A /* CloudKit */ = {
			isa = PBXGroup;
			children = (
				DC81F8591EBE816300253D2A /* RecordableEntry.swift */,
				DC81F8551EBE70DD00253D2A /* Protocols */,
				DC81F8531EBE70C300253D2A /* Operations */,
				DC81F8541EBE70D000253D2A /* Queues */,
			);
			name = CloudKit;
			path = ../../../../../../Voyager/Voyage01;
			sourceTree = "<group>";
		};
		DC81F8531EBE70C300253D2A /* Operations */ = {
			isa = PBXGroup;
			children = (
				DC81F8621EBE99EB00253D2A /* UploadRecordables.swift */,
				DC81F85C1EBE85B900253D2A /* DownloadRecordables.swift */,
				DC81F7E21EBE6F8B00253D2A /* DeleteRecordable.swift */,
				DC81F7ED1EBE6F8B00253D2A /* GetCreator.swift */,
				DC81F7E31EBE6F8B00253D2A /* DisableCloud.swift */,
				DC81F8571EBE75BE00253D2A /* Generic (non-cloud) */,
				DC81F8561EBE75A900253D2A /* Error Handling */,
			);
			name = Operations;
			sourceTree = "<group>";
		};
		DC81F8541EBE70D000253D2A /* Queues */ = {
			isa = PBXGroup;
			children = (
				DC81F7DC1EBE6F8B00253D2A /* CloudQueue.swift */,
				DC81F7E71EBE6F8B00253D2A /* ErrorQueue.swift */,
				DC81F7F91EBE6F8B00253D2A /* TestQueue.swift */,
			);
			name = Queues;
			sourceTree = "<group>";
		};
		DC81F8551EBE70DD00253D2A /* Protocols */ = {
			isa = PBXGroup;
			children = (
				DC81F7F51EBE6F8B00253D2A /* Recordable.swift */,
				DC81F7DB1EBE6F8B00253D2A /* CloudDisabler.swift */,
			);
			name = Protocols;
			sourceTree = "<group>";
		};
		DC81F8561EBE75A900253D2A /* Error Handling */ = {
			isa = PBXGroup;
			children = (
				DC81F7D21EBE6F8B00253D2A /* AuthenticationError.swift */,
				DC81F7D71EBE6F8B00253D2A /* BatchError.swift */,
				DC81F7D81EBE6F8B00253D2A /* BatchFailed.swift */,
				DC81F7DA1EBE6F8B00253D2A /* CKErrorHandler.swift */,
				DC81F7E91EBE6F8B00253D2A /* FatalError.swift */,
				DC81F7EF1EBE6F8B00253D2A /* LimitExceeded.swift */,
				DC81F7F21EBE6F8B00253D2A /* PartialError.swift */,
				DC81F7F61EBE6F8B00253D2A /* RetriableError.swift */,
				DC81F7FB1EBE6F8B00253D2A /* VersionConflict.swift */,
			);
			name = "Error Handling";
			sourceTree = "<group>";
		};
		DC81F8571EBE75BE00253D2A /* Generic (non-cloud) */ = {
			isa = PBXGroup;
			children = (
				DC81F7CF1EBE6F8B00253D2A /* AlertMessage.swift */,
				DC81F7F31EBE6F8B00253D2A /* Pause.swift */,
			);
			name = "Generic (non-cloud)";
			sourceTree = "<group>";
		};
		DC81F8581EBE778800253D2A /* User Interface */ = {
			isa = PBXGroup;
			children = (
				DC1AC98F1E90DED800CEF1A0 /* Main.storyboard */,
				DCFB796A1E923A95007C141E /* ListHistoryTVC.swift */,
				DC3173391E91C7FF00AE4921 /* ScannerList */,
				DC97A9051E9704FE000623F6 /* PriceInput */,
			);
			name = "User Interface";
			sourceTree = "<group>";
		};
		DC81F8651EBE9B4300253D2A /* Deprecated */ = {
			isa = PBXGroup;
			children = (
			);
			name = Deprecated;
			path = ../../../../../../Voyager/Voyage01;
			sourceTree = "<group>";
		};
		DC97A9051E9704FE000623F6 /* PriceInput */ = {
			isa = PBXGroup;
			children = (
				DC31733A1E91D3B100AE4921 /* PriceInputView.swift */,
				DC31733E1E91D60700AE4921 /* BarcodeScanner.swift */,
				DCF036301E9CBF8E00BA06A0 /* DataService.swift */,
				DCF0362C1E9C70A400BA06A0 /* PreScanner.swift */,
			);
			name = PriceInput;
			sourceTree = "<group>";
		};
		DCE3C4871E97476B00E37898 /* Frameworks */ = {
			isa = PBXGroup;
			children = (
				DCE3C4881E97476B00E37898 /* CloudKit.framework */,
				ED5A902A65D8D9FA214B9E77 /* Pods_ScannerList.framework */,
				91C86D788F7676E7AE5828B6 /* Pods_ScannerListTests.framework */,
				9A08190C42636681DE257339 /* Pods_ScannerListUITests.framework */,
			);
			name = Frameworks;
			sourceTree = "<group>";
		};
/* End PBXGroup section */

/* Begin PBXNativeTarget section */
		DC1AC9871E90DED800CEF1A0 /* ScannerList */ = {
			isa = PBXNativeTarget;
			buildConfigurationList = DC1AC9B01E90DED900CEF1A0 /* Build configuration list for PBXNativeTarget "ScannerList" */;
			buildPhases = (
				D9AC21A167A0622112BF14BE /* [CP] Check Pods Manifest.lock */,
				DC1AC9841E90DED800CEF1A0 /* Sources */,
				DC1AC9851E90DED800CEF1A0 /* Frameworks */,
				DC1AC9861E90DED800CEF1A0 /* Resources */,
				1A0AF74532F032DC68AAFAB5 /* [CP] Embed Pods Frameworks */,
				9856489450DC7CDA97970DCF /* [CP] Copy Pods Resources */,
			);
			buildRules = (
			);
			dependencies = (
			);
			name = ScannerList;
			productName = ScannerList;
			productReference = DC1AC9881E90DED800CEF1A0 /* ScannerList.app */;
			productType = "com.apple.product-type.application";
		};
		DC1AC99B1E90DED900CEF1A0 /* ScannerListTests */ = {
			isa = PBXNativeTarget;
			buildConfigurationList = DC1AC9B31E90DED900CEF1A0 /* Build configuration list for PBXNativeTarget "ScannerListTests" */;
			buildPhases = (
				CA0783011E57F57AD9003270 /* [CP] Check Pods Manifest.lock */,
				DC1AC9981E90DED900CEF1A0 /* Sources */,
				DC1AC9991E90DED900CEF1A0 /* Frameworks */,
				DC1AC99A1E90DED900CEF1A0 /* Resources */,
				759536B6DD6FCF8B7E4C0972 /* [CP] Embed Pods Frameworks */,
				42D1550EA9793786DA9D34AA /* [CP] Copy Pods Resources */,
			);
			buildRules = (
			);
			dependencies = (
				DC1AC99E1E90DED900CEF1A0 /* PBXTargetDependency */,
			);
			name = ScannerListTests;
			productName = ScannerListTests;
			productReference = DC1AC99C1E90DED900CEF1A0 /* ScannerListTests.xctest */;
			productType = "com.apple.product-type.bundle.unit-test";
		};
		DC1AC9A61E90DED900CEF1A0 /* ScannerListUITests */ = {
			isa = PBXNativeTarget;
			buildConfigurationList = DC1AC9B61E90DED900CEF1A0 /* Build configuration list for PBXNativeTarget "ScannerListUITests" */;
			buildPhases = (
				EDF25F6298E8EBED94196DEB /* [CP] Check Pods Manifest.lock */,
				DC1AC9A31E90DED900CEF1A0 /* Sources */,
				DC1AC9A41E90DED900CEF1A0 /* Frameworks */,
				DC1AC9A51E90DED900CEF1A0 /* Resources */,
				C6FFDC3C5276EF79BCA8E601 /* [CP] Embed Pods Frameworks */,
				D36925EE0DF426C960639CC5 /* [CP] Copy Pods Resources */,
			);
			buildRules = (
			);
			dependencies = (
				DC1AC9A91E90DED900CEF1A0 /* PBXTargetDependency */,
			);
			name = ScannerListUITests;
			productName = ScannerListUITests;
			productReference = DC1AC9A71E90DED900CEF1A0 /* ScannerListUITests.xctest */;
			productType = "com.apple.product-type.bundle.ui-testing";
		};
/* End PBXNativeTarget section */

/* Begin PBXProject section */
		DC1AC9801E90DED800CEF1A0 /* Project object */ = {
			isa = PBXProject;
			attributes = {
				LastSwiftUpdateCheck = 0830;
				LastUpgradeCheck = 0830;
				ORGANIZATIONNAME = Promethatech;
				TargetAttributes = {
					DC1AC9871E90DED800CEF1A0 = {
						CreatedOnToolsVersion = 8.3;
						DevelopmentTeam = 2ASS3F562Z;
						ProvisioningStyle = Automatic;
						SystemCapabilities = {
							com.apple.Push = {
								enabled = 1;
							};
							com.apple.iCloud = {
								enabled = 1;
							};
						};
					};
					DC1AC99B1E90DED900CEF1A0 = {
						CreatedOnToolsVersion = 8.3;
						DevelopmentTeam = 2ASS3F562Z;
						ProvisioningStyle = Automatic;
						TestTargetID = DC1AC9871E90DED800CEF1A0;
					};
					DC1AC9A61E90DED900CEF1A0 = {
						CreatedOnToolsVersion = 8.3;
						DevelopmentTeam = 2ASS3F562Z;
						ProvisioningStyle = Automatic;
						TestTargetID = DC1AC9871E90DED800CEF1A0;
					};
				};
			};
			buildConfigurationList = DC1AC9831E90DED800CEF1A0 /* Build configuration list for PBXProject "ScannerList" */;
			compatibilityVersion = "Xcode 3.2";
			developmentRegion = English;
			hasScannedForEncodings = 0;
			knownRegions = (
				en,
				Base,
			);
			mainGroup = DC1AC97F1E90DED800CEF1A0;
			productRefGroup = DC1AC9891E90DED800CEF1A0 /* Products */;
			projectDirPath = "";
			projectRoot = "";
			targets = (
				DC1AC9871E90DED800CEF1A0 /* ScannerList */,
				DC1AC99B1E90DED900CEF1A0 /* ScannerListTests */,
				DC1AC9A61E90DED900CEF1A0 /* ScannerListUITests */,
			);
		};
/* End PBXProject section */

/* Begin PBXResourcesBuildPhase section */
		DC1AC9861E90DED800CEF1A0 /* Resources */ = {
			isa = PBXResourcesBuildPhase;
			buildActionMask = 2147483647;
			files = (
				DC1AC9961E90DED800CEF1A0 /* LaunchScreen.storyboard in Resources */,
				DC1AC9931E90DED800CEF1A0 /* Assets.xcassets in Resources */,
				DC1AC9911E90DED800CEF1A0 /* Main.storyboard in Resources */,
			);
			runOnlyForDeploymentPostprocessing = 0;
		};
		DC1AC99A1E90DED900CEF1A0 /* Resources */ = {
			isa = PBXResourcesBuildPhase;
			buildActionMask = 2147483647;
			files = (
			);
			runOnlyForDeploymentPostprocessing = 0;
		};
		DC1AC9A51E90DED900CEF1A0 /* Resources */ = {
			isa = PBXResourcesBuildPhase;
			buildActionMask = 2147483647;
			files = (
			);
			runOnlyForDeploymentPostprocessing = 0;
		};
/* End PBXResourcesBuildPhase section */

/* Begin PBXShellScriptBuildPhase section */
		1A0AF74532F032DC68AAFAB5 /* [CP] Embed Pods Frameworks */ = {
			isa = PBXShellScriptBuildPhase;
			buildActionMask = 2147483647;
			files = (
			);
			inputPaths = (
			);
			name = "[CP] Embed Pods Frameworks";
			outputPaths = (
			);
			runOnlyForDeploymentPostprocessing = 0;
			shellPath = /bin/sh;
			shellScript = "\"${SRCROOT}/Pods/Target Support Files/Pods-ScannerList/Pods-ScannerList-frameworks.sh\"\n";
			showEnvVarsInLog = 0;
		};
		42D1550EA9793786DA9D34AA /* [CP] Copy Pods Resources */ = {
			isa = PBXShellScriptBuildPhase;
			buildActionMask = 2147483647;
			files = (
			);
			inputPaths = (
			);
			name = "[CP] Copy Pods Resources";
			outputPaths = (
			);
			runOnlyForDeploymentPostprocessing = 0;
			shellPath = /bin/sh;
			shellScript = "\"${SRCROOT}/Pods/Target Support Files/Pods-ScannerListTests/Pods-ScannerListTests-resources.sh\"\n";
			showEnvVarsInLog = 0;
		};
		759536B6DD6FCF8B7E4C0972 /* [CP] Embed Pods Frameworks */ = {
			isa = PBXShellScriptBuildPhase;
			buildActionMask = 2147483647;
			files = (
			);
			inputPaths = (
			);
			name = "[CP] Embed Pods Frameworks";
			outputPaths = (
			);
			runOnlyForDeploymentPostprocessing = 0;
			shellPath = /bin/sh;
			shellScript = "\"${SRCROOT}/Pods/Target Support Files/Pods-ScannerListTests/Pods-ScannerListTests-frameworks.sh\"\n";
			showEnvVarsInLog = 0;
		};
		9856489450DC7CDA97970DCF /* [CP] Copy Pods Resources */ = {
			isa = PBXShellScriptBuildPhase;
			buildActionMask = 2147483647;
			files = (
			);
			inputPaths = (
			);
			name = "[CP] Copy Pods Resources";
			outputPaths = (
			);
			runOnlyForDeploymentPostprocessing = 0;
			shellPath = /bin/sh;
			shellScript = "\"${SRCROOT}/Pods/Target Support Files/Pods-ScannerList/Pods-ScannerList-resources.sh\"\n";
			showEnvVarsInLog = 0;
		};
		C6FFDC3C5276EF79BCA8E601 /* [CP] Embed Pods Frameworks */ = {
			isa = PBXShellScriptBuildPhase;
			buildActionMask = 2147483647;
			files = (
			);
			inputPaths = (
			);
			name = "[CP] Embed Pods Frameworks";
			outputPaths = (
			);
			runOnlyForDeploymentPostprocessing = 0;
			shellPath = /bin/sh;
			shellScript = "\"${SRCROOT}/Pods/Target Support Files/Pods-ScannerListUITests/Pods-ScannerListUITests-frameworks.sh\"\n";
			showEnvVarsInLog = 0;
		};
		CA0783011E57F57AD9003270 /* [CP] Check Pods Manifest.lock */ = {
			isa = PBXShellScriptBuildPhase;
			buildActionMask = 2147483647;
			files = (
			);
			inputPaths = (
			);
			name = "[CP] Check Pods Manifest.lock";
			outputPaths = (
			);
			runOnlyForDeploymentPostprocessing = 0;
			shellPath = /bin/sh;
			shellScript = "diff \"${PODS_ROOT}/../Podfile.lock\" \"${PODS_ROOT}/Manifest.lock\" > /dev/null\nif [ $? != 0 ] ; then\n    # print error to STDERR\n    echo \"error: The sandbox is not in sync with the Podfile.lock. Run 'pod install' or update your CocoaPods installation.\" >&2\n    exit 1\nfi\n";
			showEnvVarsInLog = 0;
		};
		D36925EE0DF426C960639CC5 /* [CP] Copy Pods Resources */ = {
			isa = PBXShellScriptBuildPhase;
			buildActionMask = 2147483647;
			files = (
			);
			inputPaths = (
			);
			name = "[CP] Copy Pods Resources";
			outputPaths = (
			);
			runOnlyForDeploymentPostprocessing = 0;
			shellPath = /bin/sh;
			shellScript = "\"${SRCROOT}/Pods/Target Support Files/Pods-ScannerListUITests/Pods-ScannerListUITests-resources.sh\"\n";
			showEnvVarsInLog = 0;
		};
		D9AC21A167A0622112BF14BE /* [CP] Check Pods Manifest.lock */ = {
			isa = PBXShellScriptBuildPhase;
			buildActionMask = 2147483647;
			files = (
			);
			inputPaths = (
			);
			name = "[CP] Check Pods Manifest.lock";
			outputPaths = (
			);
			runOnlyForDeploymentPostprocessing = 0;
			shellPath = /bin/sh;
			shellScript = "diff \"${PODS_ROOT}/../Podfile.lock\" \"${PODS_ROOT}/Manifest.lock\" > /dev/null\nif [ $? != 0 ] ; then\n    # print error to STDERR\n    echo \"error: The sandbox is not in sync with the Podfile.lock. Run 'pod install' or update your CocoaPods installation.\" >&2\n    exit 1\nfi\n";
			showEnvVarsInLog = 0;
		};
		EDF25F6298E8EBED94196DEB /* [CP] Check Pods Manifest.lock */ = {
			isa = PBXShellScriptBuildPhase;
			buildActionMask = 2147483647;
			files = (
			);
			inputPaths = (
			);
			name = "[CP] Check Pods Manifest.lock";
			outputPaths = (
			);
			runOnlyForDeploymentPostprocessing = 0;
			shellPath = /bin/sh;
			shellScript = "diff \"${PODS_ROOT}/../Podfile.lock\" \"${PODS_ROOT}/Manifest.lock\" > /dev/null\nif [ $? != 0 ] ; then\n    # print error to STDERR\n    echo \"error: The sandbox is not in sync with the Podfile.lock. Run 'pod install' or update your CocoaPods installation.\" >&2\n    exit 1\nfi\n";
			showEnvVarsInLog = 0;
		};
/* End PBXShellScriptBuildPhase section */

/* Begin PBXSourcesBuildPhase section */
		DC1AC9841E90DED800CEF1A0 /* Sources */ = {
			isa = PBXSourcesBuildPhase;
			buildActionMask = 2147483647;
			files = (
				DC81F8471EBE6F8C00253D2A /* RetriableError.swift in Sources */,
				DC81F8211EBE6F8C00253D2A /* DisableCloud.swift in Sources */,
				DC81F85D1EBE85B900253D2A /* DownloadRecordables.swift in Sources */,
				DC81F8131EBE6F8C00253D2A /* CloudQueue.swift in Sources */,
				DCF036311E9CBF8E00BA06A0 /* DataService.swift in Sources */,
				DC81F8291EBE6F8C00253D2A /* ErrorQueue.swift in Sources */,
				DC81F8391EBE6F8C00253D2A /* LimitExceeded.swift in Sources */,
				DC81F8111EBE6F8C00253D2A /* CloudDisabler.swift in Sources */,
				DC1AC9C31E90E52B00CEF1A0 /* EntryCell.swift in Sources */,
				DC81F84D1EBE6F8C00253D2A /* TestQueue.swift in Sources */,
				DC1AC9BB1E90E4D300CEF1A0 /* ScannerListTVC.swift in Sources */,
				DC1AC9BF1E90E51600CEF1A0 /* TotalsCell.swift in Sources */,
				DC81F80F1EBE6F8C00253D2A /* CKErrorHandler.swift in Sources */,
				DC81F8631EBE99EB00253D2A /* UploadRecordables.swift in Sources */,
				DC81F82D1EBE6F8C00253D2A /* FatalError.swift in Sources */,
				DC31733F1E91D60700AE4921 /* BarcodeScanner.swift in Sources */,
				DC81F8511EBE6F8C00253D2A /* VersionConflict.swift in Sources */,
				DCF0362D1E9C70A400BA06A0 /* PreScanner.swift in Sources */,
				DC81F8091EBE6F8B00253D2A /* BatchError.swift in Sources */,
				DC81F7FD1EBE6F8B00253D2A /* AlertMessage.swift in Sources */,
				DC81F83F1EBE6F8C00253D2A /* PartialError.swift in Sources */,
				DC81F8351EBE6F8C00253D2A /* GetCreator.swift in Sources */,
				DC81F8411EBE6F8C00253D2A /* Pause.swift in Sources */,
				DC81F80B1EBE6F8B00253D2A /* BatchFailed.swift in Sources */,
				DC1AC98C1E90DED800CEF1A0 /* AppDelegate.swift in Sources */,
				DCFB796B1E923A95007C141E /* ListHistoryTVC.swift in Sources */,
				DC81F85A1EBE816300253D2A /* RecordableEntry.swift in Sources */,
				DC81F8031EBE6F8B00253D2A /* AuthenticationError.swift in Sources */,
				DC31733B1E91D3B100AE4921 /* PriceInputView.swift in Sources */,
				DC81F8451EBE6F8C00253D2A /* Recordable.swift in Sources */,
				DC81F81F1EBE6F8C00253D2A /* DeleteRecordable.swift in Sources */,
			);
			runOnlyForDeploymentPostprocessing = 0;
		};
		DC1AC9981E90DED900CEF1A0 /* Sources */ = {
			isa = PBXSourcesBuildPhase;
			buildActionMask = 2147483647;
			files = (
				DC81F8481EBE6F8C00253D2A /* RetriableError.swift in Sources */,
				DC81F8221EBE6F8C00253D2A /* DisableCloud.swift in Sources */,
				DC81F85E1EBE85B900253D2A /* DownloadRecordables.swift in Sources */,
				DC81F8141EBE6F8C00253D2A /* CloudQueue.swift in Sources */,
				DCF036321E9CBF8E00BA06A0 /* DataService.swift in Sources */,
				DC81F82A1EBE6F8C00253D2A /* ErrorQueue.swift in Sources */,
				DC81F83A1EBE6F8C00253D2A /* LimitExceeded.swift in Sources */,
				DC81F8121EBE6F8C00253D2A /* CloudDisabler.swift in Sources */,
				DC1AC9C41E90E52B00CEF1A0 /* EntryCell.swift in Sources */,
				DC81F84E1EBE6F8C00253D2A /* TestQueue.swift in Sources */,
				DC1AC9BC1E90E4D300CEF1A0 /* ScannerListTVC.swift in Sources */,
				DC1AC9C01E90E51600CEF1A0 /* TotalsCell.swift in Sources */,
				DC81F8101EBE6F8C00253D2A /* CKErrorHandler.swift in Sources */,
				DC81F8641EBE99EB00253D2A /* UploadRecordables.swift in Sources */,
				DC81F82E1EBE6F8C00253D2A /* FatalError.swift in Sources */,
				DC3173401E91D60700AE4921 /* BarcodeScanner.swift in Sources */,
				DC81F8521EBE6F8C00253D2A /* VersionConflict.swift in Sources */,
				DCF0362E1E9C70A400BA06A0 /* PreScanner.swift in Sources */,
				DC81F80A1EBE6F8B00253D2A /* BatchError.swift in Sources */,
				DC81F7FE1EBE6F8B00253D2A /* AlertMessage.swift in Sources */,
				DC81F8401EBE6F8C00253D2A /* PartialError.swift in Sources */,
				DC81F8361EBE6F8C00253D2A /* GetCreator.swift in Sources */,
				DC81F8421EBE6F8C00253D2A /* Pause.swift in Sources */,
				DC81F80C1EBE6F8B00253D2A /* BatchFailed.swift in Sources */,
				DC1AC9A11E90DED900CEF1A0 /* ScannerListTests.swift in Sources */,
				DCFB796C1E923A95007C141E /* ListHistoryTVC.swift in Sources */,
				DC81F85B1EBE816300253D2A /* RecordableEntry.swift in Sources */,
				DC81F8041EBE6F8B00253D2A /* AuthenticationError.swift in Sources */,
				DC31733C1E91D3B100AE4921 /* PriceInputView.swift in Sources */,
				DC81F8461EBE6F8C00253D2A /* Recordable.swift in Sources */,
				DC81F8201EBE6F8C00253D2A /* DeleteRecordable.swift in Sources */,
			);
			runOnlyForDeploymentPostprocessing = 0;
		};
		DC1AC9A31E90DED900CEF1A0 /* Sources */ = {
			isa = PBXSourcesBuildPhase;
			buildActionMask = 2147483647;
			files = (
				DCF036331E9CBF8E00BA06A0 /* DataService.swift in Sources */,
				DC1AC9C51E90E52B00CEF1A0 /* EntryCell.swift in Sources */,
				DC1AC9BD1E90E4D300CEF1A0 /* ScannerListTVC.swift in Sources */,
				DC1AC9C11E90E51600CEF1A0 /* TotalsCell.swift in Sources */,
				DC3173411E91D60700AE4921 /* BarcodeScanner.swift in Sources */,
				DCF0362F1E9C70A400BA06A0 /* PreScanner.swift in Sources */,
				DC1AC9AC1E90DED900CEF1A0 /* ScannerListUITests.swift in Sources */,
				DCFB796D1E923A95007C141E /* ListHistoryTVC.swift in Sources */,
				DC31733D1E91D3B100AE4921 /* PriceInputView.swift in Sources */,
			);
			runOnlyForDeploymentPostprocessing = 0;
		};
/* End PBXSourcesBuildPhase section */

/* Begin PBXTargetDependency section */
		DC1AC99E1E90DED900CEF1A0 /* PBXTargetDependency */ = {
			isa = PBXTargetDependency;
			target = DC1AC9871E90DED800CEF1A0 /* ScannerList */;
			targetProxy = DC1AC99D1E90DED900CEF1A0 /* PBXContainerItemProxy */;
		};
		DC1AC9A91E90DED900CEF1A0 /* PBXTargetDependency */ = {
			isa = PBXTargetDependency;
			target = DC1AC9871E90DED800CEF1A0 /* ScannerList */;
			targetProxy = DC1AC9A81E90DED900CEF1A0 /* PBXContainerItemProxy */;
		};
/* End PBXTargetDependency section */

/* Begin PBXVariantGroup section */
		DC1AC98F1E90DED800CEF1A0 /* Main.storyboard */ = {
			isa = PBXVariantGroup;
			children = (
				DC1AC9901E90DED800CEF1A0 /* Base */,
			);
			name = Main.storyboard;
			sourceTree = "<group>";
		};
		DC1AC9941E90DED800CEF1A0 /* LaunchScreen.storyboard */ = {
			isa = PBXVariantGroup;
			children = (
				DC1AC9951E90DED800CEF1A0 /* Base */,
			);
			name = LaunchScreen.storyboard;
			sourceTree = "<group>";
		};
/* End PBXVariantGroup section */

/* Begin XCBuildConfiguration section */
		DC1AC9AE1E90DED900CEF1A0 /* Debug */ = {
			isa = XCBuildConfiguration;
			buildSettings = {
				ALWAYS_SEARCH_USER_PATHS = NO;
				CLANG_ANALYZER_NONNULL = YES;
				CLANG_ANALYZER_NUMBER_OBJECT_CONVERSION = YES_AGGRESSIVE;
				CLANG_CXX_LANGUAGE_STANDARD = "gnu++0x";
				CLANG_CXX_LIBRARY = "libc++";
				CLANG_ENABLE_MODULES = YES;
				CLANG_ENABLE_OBJC_ARC = YES;
				CLANG_WARN_BOOL_CONVERSION = YES;
				CLANG_WARN_CONSTANT_CONVERSION = YES;
				CLANG_WARN_DIRECT_OBJC_ISA_USAGE = YES_ERROR;
				CLANG_WARN_DOCUMENTATION_COMMENTS = YES;
				CLANG_WARN_EMPTY_BODY = YES;
				CLANG_WARN_ENUM_CONVERSION = YES;
				CLANG_WARN_INFINITE_RECURSION = YES;
				CLANG_WARN_INT_CONVERSION = YES;
				CLANG_WARN_OBJC_ROOT_CLASS = YES_ERROR;
				CLANG_WARN_SUSPICIOUS_MOVE = YES;
				CLANG_WARN_UNREACHABLE_CODE = YES;
				CLANG_WARN__DUPLICATE_METHOD_MATCH = YES;
				"CODE_SIGN_IDENTITY[sdk=iphoneos*]" = "iPhone Developer";
				COPY_PHASE_STRIP = NO;
				DEBUG_INFORMATION_FORMAT = dwarf;
				ENABLE_STRICT_OBJC_MSGSEND = YES;
				ENABLE_TESTABILITY = YES;
				GCC_C_LANGUAGE_STANDARD = gnu99;
				GCC_DYNAMIC_NO_PIC = NO;
				GCC_NO_COMMON_BLOCKS = YES;
				GCC_OPTIMIZATION_LEVEL = 0;
				GCC_PREPROCESSOR_DEFINITIONS = (
					"DEBUG=1",
					"$(inherited)",
				);
				GCC_WARN_64_TO_32_BIT_CONVERSION = YES;
				GCC_WARN_ABOUT_RETURN_TYPE = YES_ERROR;
				GCC_WARN_UNDECLARED_SELECTOR = YES;
				GCC_WARN_UNINITIALIZED_AUTOS = YES_AGGRESSIVE;
				GCC_WARN_UNUSED_FUNCTION = YES;
				GCC_WARN_UNUSED_VARIABLE = YES;
				IPHONEOS_DEPLOYMENT_TARGET = 10.3;
				MTL_ENABLE_DEBUG_INFO = YES;
				ONLY_ACTIVE_ARCH = YES;
				SDKROOT = iphoneos;
				SWIFT_ACTIVE_COMPILATION_CONDITIONS = DEBUG;
				SWIFT_OPTIMIZATION_LEVEL = "-Onone";
			};
			name = Debug;
		};
		DC1AC9AF1E90DED900CEF1A0 /* Release */ = {
			isa = XCBuildConfiguration;
			buildSettings = {
				ALWAYS_SEARCH_USER_PATHS = NO;
				CLANG_ANALYZER_NONNULL = YES;
				CLANG_ANALYZER_NUMBER_OBJECT_CONVERSION = YES_AGGRESSIVE;
				CLANG_CXX_LANGUAGE_STANDARD = "gnu++0x";
				CLANG_CXX_LIBRARY = "libc++";
				CLANG_ENABLE_MODULES = YES;
				CLANG_ENABLE_OBJC_ARC = YES;
				CLANG_WARN_BOOL_CONVERSION = YES;
				CLANG_WARN_CONSTANT_CONVERSION = YES;
				CLANG_WARN_DIRECT_OBJC_ISA_USAGE = YES_ERROR;
				CLANG_WARN_DOCUMENTATION_COMMENTS = YES;
				CLANG_WARN_EMPTY_BODY = YES;
				CLANG_WARN_ENUM_CONVERSION = YES;
				CLANG_WARN_INFINITE_RECURSION = YES;
				CLANG_WARN_INT_CONVERSION = YES;
				CLANG_WARN_OBJC_ROOT_CLASS = YES_ERROR;
				CLANG_WARN_SUSPICIOUS_MOVE = YES;
				CLANG_WARN_UNREACHABLE_CODE = YES;
				CLANG_WARN__DUPLICATE_METHOD_MATCH = YES;
				"CODE_SIGN_IDENTITY[sdk=iphoneos*]" = "iPhone Developer";
				COPY_PHASE_STRIP = NO;
				DEBUG_INFORMATION_FORMAT = "dwarf-with-dsym";
				ENABLE_NS_ASSERTIONS = NO;
				ENABLE_STRICT_OBJC_MSGSEND = YES;
				GCC_C_LANGUAGE_STANDARD = gnu99;
				GCC_NO_COMMON_BLOCKS = YES;
				GCC_WARN_64_TO_32_BIT_CONVERSION = YES;
				GCC_WARN_ABOUT_RETURN_TYPE = YES_ERROR;
				GCC_WARN_UNDECLARED_SELECTOR = YES;
				GCC_WARN_UNINITIALIZED_AUTOS = YES_AGGRESSIVE;
				GCC_WARN_UNUSED_FUNCTION = YES;
				GCC_WARN_UNUSED_VARIABLE = YES;
				IPHONEOS_DEPLOYMENT_TARGET = 10.3;
				MTL_ENABLE_DEBUG_INFO = NO;
				SDKROOT = iphoneos;
				SWIFT_OPTIMIZATION_LEVEL = "-Owholemodule";
				VALIDATE_PRODUCT = YES;
			};
			name = Release;
		};
		DC1AC9B11E90DED900CEF1A0 /* Debug */ = {
			isa = XCBuildConfiguration;
			baseConfigurationReference = 5BC4C2BA06E95052E7A68011 /* Pods-ScannerList.debug.xcconfig */;
			buildSettings = {
				ASSETCATALOG_COMPILER_APPICON_NAME = AppIcon;
				CODE_SIGN_ENTITLEMENTS = ScannerList/ScannerList.entitlements;
				DEVELOPMENT_TEAM = 2ASS3F562Z;
				INFOPLIST_FILE = ScannerList/Info.plist;
				LD_RUNPATH_SEARCH_PATHS = "$(inherited) @executable_path/Frameworks";
				PRODUCT_BUNDLE_IDENTIFIER = com.promethatech.ScannerList;
				PRODUCT_NAME = "$(TARGET_NAME)";
				SWIFT_VERSION = 3.0;
			};
			name = Debug;
		};
		DC1AC9B21E90DED900CEF1A0 /* Release */ = {
			isa = XCBuildConfiguration;
			baseConfigurationReference = C5C0642D06B7AA80D990AFDD /* Pods-ScannerList.release.xcconfig */;
			buildSettings = {
				ASSETCATALOG_COMPILER_APPICON_NAME = AppIcon;
				CODE_SIGN_ENTITLEMENTS = ScannerList/ScannerList.entitlements;
				DEVELOPMENT_TEAM = 2ASS3F562Z;
				INFOPLIST_FILE = ScannerList/Info.plist;
				LD_RUNPATH_SEARCH_PATHS = "$(inherited) @executable_path/Frameworks";
				PRODUCT_BUNDLE_IDENTIFIER = com.promethatech.ScannerList;
				PRODUCT_NAME = "$(TARGET_NAME)";
				SWIFT_VERSION = 3.0;
			};
			name = Release;
		};
		DC1AC9B41E90DED900CEF1A0 /* Debug */ = {
			isa = XCBuildConfiguration;
			baseConfigurationReference = D53633E0C0DCB06B3607B0BF /* Pods-ScannerListTests.debug.xcconfig */;
			buildSettings = {
				ALWAYS_EMBED_SWIFT_STANDARD_LIBRARIES = YES;
				BUNDLE_LOADER = "$(TEST_HOST)";
				DEVELOPMENT_TEAM = 2ASS3F562Z;
				INFOPLIST_FILE = ScannerListTests/Info.plist;
				LD_RUNPATH_SEARCH_PATHS = "$(inherited) @executable_path/Frameworks @loader_path/Frameworks";
				PRODUCT_BUNDLE_IDENTIFIER = com.promethatech.ScannerListTests;
				PRODUCT_NAME = "$(TARGET_NAME)";
				SWIFT_VERSION = 3.0;
				TEST_HOST = "$(BUILT_PRODUCTS_DIR)/ScannerList.app/ScannerList";
			};
			name = Debug;
		};
		DC1AC9B51E90DED900CEF1A0 /* Release */ = {
			isa = XCBuildConfiguration;
			baseConfigurationReference = 0A88B79C2D36252ADD676780 /* Pods-ScannerListTests.release.xcconfig */;
			buildSettings = {
				ALWAYS_EMBED_SWIFT_STANDARD_LIBRARIES = YES;
				BUNDLE_LOADER = "$(TEST_HOST)";
				DEVELOPMENT_TEAM = 2ASS3F562Z;
				INFOPLIST_FILE = ScannerListTests/Info.plist;
				LD_RUNPATH_SEARCH_PATHS = "$(inherited) @executable_path/Frameworks @loader_path/Frameworks";
				PRODUCT_BUNDLE_IDENTIFIER = com.promethatech.ScannerListTests;
				PRODUCT_NAME = "$(TARGET_NAME)";
				SWIFT_VERSION = 3.0;
				TEST_HOST = "$(BUILT_PRODUCTS_DIR)/ScannerList.app/ScannerList";
			};
			name = Release;
		};
		DC1AC9B71E90DED900CEF1A0 /* Debug */ = {
			isa = XCBuildConfiguration;
			baseConfigurationReference = DFAC4C108450A2CAAE97CAC0 /* Pods-ScannerListUITests.debug.xcconfig */;
			buildSettings = {
				ALWAYS_EMBED_SWIFT_STANDARD_LIBRARIES = YES;
				DEVELOPMENT_TEAM = 2ASS3F562Z;
				INFOPLIST_FILE = ScannerListUITests/Info.plist;
				LD_RUNPATH_SEARCH_PATHS = "$(inherited) @executable_path/Frameworks @loader_path/Frameworks";
				PRODUCT_BUNDLE_IDENTIFIER = com.promethatech.ScannerListUITests;
				PRODUCT_NAME = "$(TARGET_NAME)";
				SWIFT_VERSION = 3.0;
				TEST_TARGET_NAME = ScannerList;
			};
			name = Debug;
		};
		DC1AC9B81E90DED900CEF1A0 /* Release */ = {
			isa = XCBuildConfiguration;
			baseConfigurationReference = 5BB7E2F36DDF00084771A810 /* Pods-ScannerListUITests.release.xcconfig */;
			buildSettings = {
				ALWAYS_EMBED_SWIFT_STANDARD_LIBRARIES = YES;
				DEVELOPMENT_TEAM = 2ASS3F562Z;
				INFOPLIST_FILE = ScannerListUITests/Info.plist;
				LD_RUNPATH_SEARCH_PATHS = "$(inherited) @executable_path/Frameworks @loader_path/Frameworks";
				PRODUCT_BUNDLE_IDENTIFIER = com.promethatech.ScannerListUITests;
				PRODUCT_NAME = "$(TARGET_NAME)";
				SWIFT_VERSION = 3.0;
				TEST_TARGET_NAME = ScannerList;
			};
			name = Release;
		};
/* End XCBuildConfiguration section */

/* Begin XCConfigurationList section */
		DC1AC9831E90DED800CEF1A0 /* Build configuration list for PBXProject "ScannerList" */ = {
			isa = XCConfigurationList;
			buildConfigurations = (
				DC1AC9AE1E90DED900CEF1A0 /* Debug */,
				DC1AC9AF1E90DED900CEF1A0 /* Release */,
			);
			defaultConfigurationIsVisible = 0;
			defaultConfigurationName = Release;
		};
		DC1AC9B01E90DED900CEF1A0 /* Build configuration list for PBXNativeTarget "ScannerList" */ = {
			isa = XCConfigurationList;
			buildConfigurations = (
				DC1AC9B11E90DED900CEF1A0 /* Debug */,
				DC1AC9B21E90DED900CEF1A0 /* Release */,
			);
			defaultConfigurationIsVisible = 0;
			defaultConfigurationName = Release;
		};
		DC1AC9B31E90DED900CEF1A0 /* Build configuration list for PBXNativeTarget "ScannerListTests" */ = {
			isa = XCConfigurationList;
			buildConfigurations = (
				DC1AC9B41E90DED900CEF1A0 /* Debug */,
				DC1AC9B51E90DED900CEF1A0 /* Release */,
			);
			defaultConfigurationIsVisible = 0;
			defaultConfigurationName = Release;
		};
		DC1AC9B61E90DED900CEF1A0 /* Build configuration list for PBXNativeTarget "ScannerListUITests" */ = {
			isa = XCConfigurationList;
			buildConfigurations = (
				DC1AC9B71E90DED900CEF1A0 /* Debug */,
				DC1AC9B81E90DED900CEF1A0 /* Release */,
			);
			defaultConfigurationIsVisible = 0;
			defaultConfigurationName = Release;
		};
/* End XCConfigurationList section */
	};
	rootObject = DC1AC9801E90DED800CEF1A0 /* Project object */;
}
